// !$*UTF8*$!
{
	archiveVersion = 1;
	classes = {
	};
	objectVersion = 50;
	objects = {

/* Begin PBXBuildFile section */
		6ABB41DDF9D7677B46EFBDC0 /* Pods_InstallingPods.framework in Frameworks */ = {isa = PBXBuildFile; fileRef = 1425AD60767DD5225F9BF7D7 /* Pods_InstallingPods.framework */; };
		B80C6B782B2D622D468AA8F4 /* Pods_InstallingPodsUITests.framework in Frameworks */ = {isa = PBXBuildFile; fileRef = 358CD04D048462A64C27BA58 /* Pods_InstallingPodsUITests.framework */; };
		B8B9E8AC2255399300B0C0FF /* AppDelegate.swift in Sources */ = {isa = PBXBuildFile; fileRef = B8B9E8AB2255399300B0C0FF /* AppDelegate.swift */; };
		B8B9E8AE2255399300B0C0FF /* ViewController.swift in Sources */ = {isa = PBXBuildFile; fileRef = B8B9E8AD2255399300B0C0FF /* ViewController.swift */; };
		B8B9E8B12255399300B0C0FF /* Main.storyboard in Resources */ = {isa = PBXBuildFile; fileRef = B8B9E8AF2255399300B0C0FF /* Main.storyboard */; };
		B8B9E8B32255399400B0C0FF /* Assets.xcassets in Resources */ = {isa = PBXBuildFile; fileRef = B8B9E8B22255399400B0C0FF /* Assets.xcassets */; };
		B8B9E8B62255399400B0C0FF /* LaunchScreen.storyboard in Resources */ = {isa = PBXBuildFile; fileRef = B8B9E8B42255399400B0C0FF /* LaunchScreen.storyboard */; };
		B8B9E8C12255399400B0C0FF /* InstallingPodsTests.swift in Sources */ = {isa = PBXBuildFile; fileRef = B8B9E8C02255399400B0C0FF /* InstallingPodsTests.swift */; };
		B8B9E8CC2255399500B0C0FF /* InstallingPodsUITests.swift in Sources */ = {isa = PBXBuildFile; fileRef = B8B9E8CB2255399500B0C0FF /* InstallingPodsUITests.swift */; };
		F2C0F46D7CCA20401D886179 /* Pods_InstallingPodsTests.framework in Frameworks */ = {isa = PBXBuildFile; fileRef = 4CA87A94C9911DA0C8D1CAE2 /* Pods_InstallingPodsTests.framework */; };
/* End PBXBuildFile section */

/* Begin PBXContainerItemProxy section */
		B8B9E8BD2255399400B0C0FF /* PBXContainerItemProxy */ = {
			isa = PBXContainerItemProxy;
			containerPortal = B8B9E8A02255399300B0C0FF /* Project object */;
			proxyType = 1;
			remoteGlobalIDString = B8B9E8A72255399300B0C0FF;
			remoteInfo = InstallingPods;
		};
		B8B9E8C82255399500B0C0FF /* PBXContainerItemProxy */ = {
			isa = PBXContainerItemProxy;
			containerPortal = B8B9E8A02255399300B0C0FF /* Project object */;
			proxyType = 1;
			remoteGlobalIDString = B8B9E8A72255399300B0C0FF;
			remoteInfo = InstallingPods;
		};
/* End PBXContainerItemProxy section */

/* Begin PBXFileReference section */
		1425AD60767DD5225F9BF7D7 /* Pods_InstallingPods.framework */ = {isa = PBXFileReference; explicitFileType = wrapper.framework; includeInIndex = 0; path = Pods_InstallingPods.framework; sourceTree = BUILT_PRODUCTS_DIR; };
		1A26F7DA77E06BD677BAD37A /* Pods-InstallingPodsTests.release.xcconfig */ = {isa = PBXFileReference; includeInIndex = 1; lastKnownFileType = text.xcconfig; name = "Pods-InstallingPodsTests.release.xcconfig"; path = "Target Support Files/Pods-InstallingPodsTests/Pods-InstallingPodsTests.release.xcconfig"; sourceTree = "<group>"; };
		301A1B6F7F6683ED5F931183 /* Pods-InstallingPods.release.xcconfig */ = {isa = PBXFileReference; includeInIndex = 1; lastKnownFileType = text.xcconfig; name = "Pods-InstallingPods.release.xcconfig"; path = "Target Support Files/Pods-InstallingPods/Pods-InstallingPods.release.xcconfig"; sourceTree = "<group>"; };
		358CD04D048462A64C27BA58 /* Pods_InstallingPodsUITests.framework */ = {isa = PBXFileReference; explicitFileType = wrapper.framework; includeInIndex = 0; path = Pods_InstallingPodsUITests.framework; sourceTree = BUILT_PRODUCTS_DIR; };
		35BF36DD8BA2E65836728A99 /* Pods-InstallingPodsTests.debug.xcconfig */ = {isa = PBXFileReference; includeInIndex = 1; lastKnownFileType = text.xcconfig; name = "Pods-InstallingPodsTests.debug.xcconfig"; path = "Target Support Files/Pods-InstallingPodsTests/Pods-InstallingPodsTests.debug.xcconfig"; sourceTree = "<group>"; };
		4CA87A94C9911DA0C8D1CAE2 /* Pods_InstallingPodsTests.framework */ = {isa = PBXFileReference; explicitFileType = wrapper.framework; includeInIndex = 0; path = Pods_InstallingPodsTests.framework; sourceTree = BUILT_PRODUCTS_DIR; };
		70D47DAF3430CCA84EF1DE80 /* Pods-InstallingPodsUITests.release.xcconfig */ = {isa = PBXFileReference; includeInIndex = 1; lastKnownFileType = text.xcconfig; name = "Pods-InstallingPodsUITests.release.xcconfig"; path = "Target Support Files/Pods-InstallingPodsUITests/Pods-InstallingPodsUITests.release.xcconfig"; sourceTree = "<group>"; };
		B8B9E8A82255399300B0C0FF /* InstallingPods.app */ = {isa = PBXFileReference; explicitFileType = wrapper.application; includeInIndex = 0; path = InstallingPods.app; sourceTree = BUILT_PRODUCTS_DIR; };
		B8B9E8AB2255399300B0C0FF /* AppDelegate.swift */ = {isa = PBXFileReference; lastKnownFileType = sourcecode.swift; path = AppDelegate.swift; sourceTree = "<group>"; };
		B8B9E8AD2255399300B0C0FF /* ViewController.swift */ = {isa = PBXFileReference; lastKnownFileType = sourcecode.swift; path = ViewController.swift; sourceTree = "<group>"; };
		B8B9E8B02255399300B0C0FF /* Base */ = {isa = PBXFileReference; lastKnownFileType = file.storyboard; name = Base; path = Base.lproj/Main.storyboard; sourceTree = "<group>"; };
		B8B9E8B22255399400B0C0FF /* Assets.xcassets */ = {isa = PBXFileReference; lastKnownFileType = folder.assetcatalog; path = Assets.xcassets; sourceTree = "<group>"; };
		B8B9E8B52255399400B0C0FF /* Base */ = {isa = PBXFileReference; lastKnownFileType = file.storyboard; name = Base; path = Base.lproj/LaunchScreen.storyboard; sourceTree = "<group>"; };
		B8B9E8B72255399400B0C0FF /* Info.plist */ = {isa = PBXFileReference; lastKnownFileType = text.plist.xml; path = Info.plist; sourceTree = "<group>"; };
		B8B9E8BC2255399400B0C0FF /* InstallingPodsTests.xctest */ = {isa = PBXFileReference; explicitFileType = wrapper.cfbundle; includeInIndex = 0; path = InstallingPodsTests.xctest; sourceTree = BUILT_PRODUCTS_DIR; };
		B8B9E8C02255399400B0C0FF /* InstallingPodsTests.swift */ = {isa = PBXFileReference; lastKnownFileType = sourcecode.swift; path = InstallingPodsTests.swift; sourceTree = "<group>"; };
		B8B9E8C22255399400B0C0FF /* Info.plist */ = {isa = PBXFileReference; lastKnownFileType = text.plist.xml; path = Info.plist; sourceTree = "<group>"; };
		B8B9E8C72255399500B0C0FF /* InstallingPodsUITests.xctest */ = {isa = PBXFileReference; explicitFileType = wrapper.cfbundle; includeInIndex = 0; path = InstallingPodsUITests.xctest; sourceTree = BUILT_PRODUCTS_DIR; };
		B8B9E8CB2255399500B0C0FF /* InstallingPodsUITests.swift */ = {isa = PBXFileReference; lastKnownFileType = sourcecode.swift; path = InstallingPodsUITests.swift; sourceTree = "<group>"; };
		B8B9E8CD2255399500B0C0FF /* Info.plist */ = {isa = PBXFileReference; lastKnownFileType = text.plist.xml; path = Info.plist; sourceTree = "<group>"; };
		DF2EB18774D6A272CFBC739B /* Pods-InstallingPodsUITests.debug.xcconfig */ = {isa = PBXFileReference; includeInIndex = 1; lastKnownFileType = text.xcconfig; name = "Pods-InstallingPodsUITests.debug.xcconfig"; path = "Target Support Files/Pods-InstallingPodsUITests/Pods-InstallingPodsUITests.debug.xcconfig"; sourceTree = "<group>"; };
		F28C978A352AB18E29520560 /* Pods-InstallingPods.debug.xcconfig */ = {isa = PBXFileReference; includeInIndex = 1; lastKnownFileType = text.xcconfig; name = "Pods-InstallingPods.debug.xcconfig"; path = "Target Support Files/Pods-InstallingPods/Pods-InstallingPods.debug.xcconfig"; sourceTree = "<group>"; };
/* End PBXFileReference section */

/* Begin PBXFrameworksBuildPhase section */
		B8B9E8A52255399300B0C0FF /* Frameworks */ = {
			isa = PBXFrameworksBuildPhase;
			buildActionMask = 2147483647;
			files = (
				6ABB41DDF9D7677B46EFBDC0 /* Pods_InstallingPods.framework in Frameworks */,
			);
			runOnlyForDeploymentPostprocessing = 0;
		};
		B8B9E8B92255399400B0C0FF /* Frameworks */ = {
			isa = PBXFrameworksBuildPhase;
			buildActionMask = 2147483647;
			files = (
				F2C0F46D7CCA20401D886179 /* Pods_InstallingPodsTests.framework in Frameworks */,
			);
			runOnlyForDeploymentPostprocessing = 0;
		};
		B8B9E8C42255399500B0C0FF /* Frameworks */ = {
			isa = PBXFrameworksBuildPhase;
			buildActionMask = 2147483647;
			files = (
				B80C6B782B2D622D468AA8F4 /* Pods_InstallingPodsUITests.framework in Frameworks */,
			);
			runOnlyForDeploymentPostprocessing = 0;
		};
/* End PBXFrameworksBuildPhase section */

/* Begin PBXGroup section */
		056E1C4B69632D9C4B17BE12 /* Pods */ = {
			isa = PBXGroup;
			children = (
				F28C978A352AB18E29520560 /* Pods-InstallingPods.debug.xcconfig */,
				301A1B6F7F6683ED5F931183 /* Pods-InstallingPods.release.xcconfig */,
				35BF36DD8BA2E65836728A99 /* Pods-InstallingPodsTests.debug.xcconfig */,
				1A26F7DA77E06BD677BAD37A /* Pods-InstallingPodsTests.release.xcconfig */,
				DF2EB18774D6A272CFBC739B /* Pods-InstallingPodsUITests.debug.xcconfig */,
				70D47DAF3430CCA84EF1DE80 /* Pods-InstallingPodsUITests.release.xcconfig */,
			);
			name = Pods;
			path = Pods;
			sourceTree = "<group>";
		};
		6D0637856E93A8C7BFE7A3CF /* Frameworks */ = {
			isa = PBXGroup;
			children = (
				1425AD60767DD5225F9BF7D7 /* Pods_InstallingPods.framework */,
				4CA87A94C9911DA0C8D1CAE2 /* Pods_InstallingPodsTests.framework */,
				358CD04D048462A64C27BA58 /* Pods_InstallingPodsUITests.framework */,
			);
			name = Frameworks;
			sourceTree = "<group>";
		};
		B8B9E89F2255399300B0C0FF = {
			isa = PBXGroup;
			children = (
				B8B9E8AA2255399300B0C0FF /* InstallingPods */,
				B8B9E8BF2255399400B0C0FF /* InstallingPodsTests */,
				B8B9E8CA2255399500B0C0FF /* InstallingPodsUITests */,
				B8B9E8A92255399300B0C0FF /* Products */,
				056E1C4B69632D9C4B17BE12 /* Pods */,
				6D0637856E93A8C7BFE7A3CF /* Frameworks */,
			);
			sourceTree = "<group>";
		};
		B8B9E8A92255399300B0C0FF /* Products */ = {
			isa = PBXGroup;
			children = (
				B8B9E8A82255399300B0C0FF /* InstallingPods.app */,
				B8B9E8BC2255399400B0C0FF /* InstallingPodsTests.xctest */,
				B8B9E8C72255399500B0C0FF /* InstallingPodsUITests.xctest */,
			);
			name = Products;
			sourceTree = "<group>";
		};
		B8B9E8AA2255399300B0C0FF /* InstallingPods */ = {
			isa = PBXGroup;
			children = (
				B8B9E8AB2255399300B0C0FF /* AppDelegate.swift */,
				B8B9E8AD2255399300B0C0FF /* ViewController.swift */,
				B8B9E8AF2255399300B0C0FF /* Main.storyboard */,
				B8B9E8B22255399400B0C0FF /* Assets.xcassets */,
				B8B9E8B42255399400B0C0FF /* LaunchScreen.storyboard */,
				B8B9E8B72255399400B0C0FF /* Info.plist */,
			);
			path = InstallingPods;
			sourceTree = "<group>";
		};
		B8B9E8BF2255399400B0C0FF /* InstallingPodsTests */ = {
			isa = PBXGroup;
			children = (
				B8B9E8C02255399400B0C0FF /* InstallingPodsTests.swift */,
				B8B9E8C22255399400B0C0FF /* Info.plist */,
			);
			path = InstallingPodsTests;
			sourceTree = "<group>";
		};
		B8B9E8CA2255399500B0C0FF /* InstallingPodsUITests */ = {
			isa = PBXGroup;
			children = (
				B8B9E8CB2255399500B0C0FF /* InstallingPodsUITests.swift */,
				B8B9E8CD2255399500B0C0FF /* Info.plist */,
			);
			path = InstallingPodsUITests;
			sourceTree = "<group>";
		};
/* End PBXGroup section */

/* Begin PBXNativeTarget section */
		B8B9E8A72255399300B0C0FF /* InstallingPods */ = {
			isa = PBXNativeTarget;
			buildConfigurationList = B8B9E8D02255399500B0C0FF /* Build configuration list for PBXNativeTarget "InstallingPods" */;
			buildPhases = (
				9246726868F816ACB47D2444 /* [CP] Check Pods Manifest.lock */,
				B8B9E8A42255399300B0C0FF /* Sources */,
				B8B9E8A52255399300B0C0FF /* Frameworks */,
				B8B9E8A62255399300B0C0FF /* Resources */,
				190FEEC5ED7546056B6BEFFB /* [CP] Embed Pods Frameworks */,
			);
			buildRules = (
			);
			dependencies = (
			);
			name = InstallingPods;
			productName = InstallingPods;
			productReference = B8B9E8A82255399300B0C0FF /* InstallingPods.app */;
			productType = "com.apple.product-type.application";
		};
		B8B9E8BB2255399400B0C0FF /* InstallingPodsTests */ = {
			isa = PBXNativeTarget;
			buildConfigurationList = B8B9E8D32255399500B0C0FF /* Build configuration list for PBXNativeTarget "InstallingPodsTests" */;
			buildPhases = (
				5DC8236CCE222D2FAEA6A0FA /* [CP] Check Pods Manifest.lock */,
				B8B9E8B82255399400B0C0FF /* Sources */,
				B8B9E8B92255399400B0C0FF /* Frameworks */,
				B8B9E8BA2255399400B0C0FF /* Resources */,
			);
			buildRules = (
			);
			dependencies = (
				B8B9E8BE2255399400B0C0FF /* PBXTargetDependency */,
			);
			name = InstallingPodsTests;
			productName = InstallingPodsTests;
			productReference = B8B9E8BC2255399400B0C0FF /* InstallingPodsTests.xctest */;
			productType = "com.apple.product-type.bundle.unit-test";
		};
		B8B9E8C62255399500B0C0FF /* InstallingPodsUITests */ = {
			isa = PBXNativeTarget;
			buildConfigurationList = B8B9E8D62255399500B0C0FF /* Build configuration list for PBXNativeTarget "InstallingPodsUITests" */;
			buildPhases = (
				E1C44E8EA292102D6B4F7F30 /* [CP] Check Pods Manifest.lock */,
				B8B9E8C32255399500B0C0FF /* Sources */,
				B8B9E8C42255399500B0C0FF /* Frameworks */,
				B8B9E8C52255399500B0C0FF /* Resources */,
			);
			buildRules = (
			);
			dependencies = (
				B8B9E8C92255399500B0C0FF /* PBXTargetDependency */,
			);
			name = InstallingPodsUITests;
			productName = InstallingPodsUITests;
			productReference = B8B9E8C72255399500B0C0FF /* InstallingPodsUITests.xctest */;
			productType = "com.apple.product-type.bundle.ui-testing";
		};
/* End PBXNativeTarget section */

/* Begin PBXProject section */
		B8B9E8A02255399300B0C0FF /* Project object */ = {
			isa = PBXProject;
			attributes = {
				LastSwiftUpdateCheck = 1020;
				LastUpgradeCheck = 1020;
				ORGANIZATIONNAME = "Gabriel Henrique Santos Pereira";
				TargetAttributes = {
					B8B9E8A72255399300B0C0FF = {
						CreatedOnToolsVersion = 10.2;
					};
					B8B9E8BB2255399400B0C0FF = {
						CreatedOnToolsVersion = 10.2;
						TestTargetID = B8B9E8A72255399300B0C0FF;
					};
					B8B9E8C62255399500B0C0FF = {
						CreatedOnToolsVersion = 10.2;
						TestTargetID = B8B9E8A72255399300B0C0FF;
					};
				};
			};
			buildConfigurationList = B8B9E8A32255399300B0C0FF /* Build configuration list for PBXProject "InstallingPods" */;
			compatibilityVersion = "Xcode 9.3";
			developmentRegion = en;
			hasScannedForEncodings = 0;
			knownRegions = (
				en,
				Base,
			);
			mainGroup = B8B9E89F2255399300B0C0FF;
			productRefGroup = B8B9E8A92255399300B0C0FF /* Products */;
			projectDirPath = "";
			projectRoot = "";
			targets = (
				B8B9E8A72255399300B0C0FF /* InstallingPods */,
				B8B9E8BB2255399400B0C0FF /* InstallingPodsTests */,
				B8B9E8C62255399500B0C0FF /* InstallingPodsUITests */,
			);
		};
/* End PBXProject section */

/* Begin PBXResourcesBuildPhase section */
		B8B9E8A62255399300B0C0FF /* Resources */ = {
			isa = PBXResourcesBuildPhase;
			buildActionMask = 2147483647;
			files = (
				B8B9E8B62255399400B0C0FF /* LaunchScreen.storyboard in Resources */,
				B8B9E8B32255399400B0C0FF /* Assets.xcassets in Resources */,
				B8B9E8B12255399300B0C0FF /* Main.storyboard in Resources */,
			);
			runOnlyForDeploymentPostprocessing = 0;
		};
		B8B9E8BA2255399400B0C0FF /* Resources */ = {
			isa = PBXResourcesBuildPhase;
			buildActionMask = 2147483647;
			files = (
			);
			runOnlyForDeploymentPostprocessing = 0;
		};
		B8B9E8C52255399500B0C0FF /* Resources */ = {
			isa = PBXResourcesBuildPhase;
			buildActionMask = 2147483647;
			files = (
			);
			runOnlyForDeploymentPostprocessing = 0;
		};
/* End PBXResourcesBuildPhase section */

/* Begin PBXShellScriptBuildPhase section */
		190FEEC5ED7546056B6BEFFB /* [CP] Embed Pods Frameworks */ = {
			isa = PBXShellScriptBuildPhase;
			buildActionMask = 2147483647;
			files = (
			);
			inputFileListPaths = (
			);
			inputPaths = (
				"${PODS_ROOT}/Target Support Files/Pods-InstallingPods/Pods-InstallingPods-frameworks.sh",
				"${BUILT_PRODUCTS_DIR}/SCLAlertView/SCLAlertView.framework",
			);
			name = "[CP] Embed Pods Frameworks";
			outputFileListPaths = (
			);
			outputPaths = (
				"${TARGET_BUILD_DIR}/${FRAMEWORKS_FOLDER_PATH}/SCLAlertView.framework",
			);
			runOnlyForDeploymentPostprocessing = 0;
			shellPath = /bin/sh;
			shellScript = "\"${PODS_ROOT}/Target Support Files/Pods-InstallingPods/Pods-InstallingPods-frameworks.sh\"\n";
			showEnvVarsInLog = 0;
		};
		5DC8236CCE222D2FAEA6A0FA /* [CP] Check Pods Manifest.lock */ = {
			isa = PBXShellScriptBuildPhase;
			buildActionMask = 2147483647;
			files = (
			);
			inputFileListPaths = (
			);
			inputPaths = (
				"${PODS_PODFILE_DIR_PATH}/Podfile.lock",
				"${PODS_ROOT}/Manifest.lock",
			);
			name = "[CP] Check Pods Manifest.lock";
			outputFileListPaths = (
			);
			outputPaths = (
				"$(DERIVED_FILE_DIR)/Pods-InstallingPodsTests-checkManifestLockResult.txt",
			);
			runOnlyForDeploymentPostprocessing = 0;
			shellPath = /bin/sh;
			shellScript = "diff \"${PODS_PODFILE_DIR_PATH}/Podfile.lock\" \"${PODS_ROOT}/Manifest.lock\" > /dev/null\nif [ $? != 0 ] ; then\n    # print error to STDERR\n    echo \"error: The sandbox is not in sync with the Podfile.lock. Run 'pod install' or update your CocoaPods installation.\" >&2\n    exit 1\nfi\n# This output is used by Xcode 'outputs' to avoid re-running this script phase.\necho \"SUCCESS\" > \"${SCRIPT_OUTPUT_FILE_0}\"\n";
			showEnvVarsInLog = 0;
		};
		9246726868F816ACB47D2444 /* [CP] Check Pods Manifest.lock */ = {
			isa = PBXShellScriptBuildPhase;
			buildActionMask = 2147483647;
			files = (
			);
			inputFileListPaths = (
			);
			inputPaths = (
				"${PODS_PODFILE_DIR_PATH}/Podfile.lock",
				"${PODS_ROOT}/Manifest.lock",
			);
			name = "[CP] Check Pods Manifest.lock";
			outputFileListPaths = (
			);
			outputPaths = (
				"$(DERIVED_FILE_DIR)/Pods-InstallingPods-checkManifestLockResult.txt",
			);
			runOnlyForDeploymentPostprocessing = 0;
			shellPath = /bin/sh;
			shellScript = "diff \"${PODS_PODFILE_DIR_PATH}/Podfile.lock\" \"${PODS_ROOT}/Manifest.lock\" > /dev/null\nif [ $? != 0 ] ; then\n    # print error to STDERR\n    echo \"error: The sandbox is not in sync with the Podfile.lock. Run 'pod install' or update your CocoaPods installation.\" >&2\n    exit 1\nfi\n# This output is used by Xcode 'outputs' to avoid re-running this script phase.\necho \"SUCCESS\" > \"${SCRIPT_OUTPUT_FILE_0}\"\n";
			showEnvVarsInLog = 0;
		};
		E1C44E8EA292102D6B4F7F30 /* [CP] Check Pods Manifest.lock */ = {
			isa = PBXShellScriptBuildPhase;
			buildActionMask = 2147483647;
			files = (
			);
			inputFileListPaths = (
			);
			inputPaths = (
				"${PODS_PODFILE_DIR_PATH}/Podfile.lock",
				"${PODS_ROOT}/Manifest.lock",
			);
			name = "[CP] Check Pods Manifest.lock";
			outputFileListPaths = (
			);
			outputPaths = (
				"$(DERIVED_FILE_DIR)/Pods-InstallingPodsUITests-checkManifestLockResult.txt",
			);
			runOnlyForDeploymentPostprocessing = 0;
			shellPath = /bin/sh;
			shellScript = "diff \"${PODS_PODFILE_DIR_PATH}/Podfile.lock\" \"${PODS_ROOT}/Manifest.lock\" > /dev/null\nif [ $? != 0 ] ; then\n    # print error to STDERR\n    echo \"error: The sandbox is not in sync with the Podfile.lock. Run 'pod install' or update your CocoaPods installation.\" >&2\n    exit 1\nfi\n# This output is used by Xcode 'outputs' to avoid re-running this script phase.\necho \"SUCCESS\" > \"${SCRIPT_OUTPUT_FILE_0}\"\n";
			showEnvVarsInLog = 0;
		};
/* End PBXShellScriptBuildPhase section */

/* Begin PBXSourcesBuildPhase section */
		B8B9E8A42255399300B0C0FF /* Sources */ = {
			isa = PBXSourcesBuildPhase;
			buildActionMask = 2147483647;
			files = (
				B8B9E8AE2255399300B0C0FF /* ViewController.swift in Sources */,
				B8B9E8AC2255399300B0C0FF /* AppDelegate.swift in Sources */,
			);
			runOnlyForDeploymentPostprocessing = 0;
		};
		B8B9E8B82255399400B0C0FF /* Sources */ = {
			isa = PBXSourcesBuildPhase;
			buildActionMask = 2147483647;
			files = (
				B8B9E8C12255399400B0C0FF /* InstallingPodsTests.swift in Sources */,
			);
			runOnlyForDeploymentPostprocessing = 0;
		};
		B8B9E8C32255399500B0C0FF /* Sources */ = {
			isa = PBXSourcesBuildPhase;
			buildActionMask = 2147483647;
			files = (
				B8B9E8CC2255399500B0C0FF /* InstallingPodsUITests.swift in Sources */,
			);
			runOnlyForDeploymentPostprocessing = 0;
		};
/* End PBXSourcesBuildPhase section */

/* Begin PBXTargetDependency section */
		B8B9E8BE2255399400B0C0FF /* PBXTargetDependency */ = {
			isa = PBXTargetDependency;
			target = B8B9E8A72255399300B0C0FF /* InstallingPods */;
			targetProxy = B8B9E8BD2255399400B0C0FF /* PBXContainerItemProxy */;
		};
		B8B9E8C92255399500B0C0FF /* PBXTargetDependency */ = {
			isa = PBXTargetDependency;
			target = B8B9E8A72255399300B0C0FF /* InstallingPods */;
			targetProxy = B8B9E8C82255399500B0C0FF /* PBXContainerItemProxy */;
		};
/* End PBXTargetDependency section */

/* Begin PBXVariantGroup section */
		B8B9E8AF2255399300B0C0FF /* Main.storyboard */ = {
			isa = PBXVariantGroup;
			children = (
				B8B9E8B02255399300B0C0FF /* Base */,
			);
			name = Main.storyboard;
			sourceTree = "<group>";
		};
		B8B9E8B42255399400B0C0FF /* LaunchScreen.storyboard */ = {
			isa = PBXVariantGroup;
			children = (
				B8B9E8B52255399400B0C0FF /* Base */,
			);
			name = LaunchScreen.storyboard;
			sourceTree = "<group>";
		};
/* End PBXVariantGroup section */

/* Begin XCBuildConfiguration section */
		B8B9E8CE2255399500B0C0FF /* Debug */ = {
			isa = XCBuildConfiguration;
			buildSettings = {
				ALWAYS_SEARCH_USER_PATHS = NO;
				CLANG_ANALYZER_NONNULL = YES;
				CLANG_ANALYZER_NUMBER_OBJECT_CONVERSION = YES_AGGRESSIVE;
				CLANG_CXX_LANGUAGE_STANDARD = "gnu++14";
				CLANG_CXX_LIBRARY = "libc++";
				CLANG_ENABLE_MODULES = YES;
				CLANG_ENABLE_OBJC_ARC = YES;
				CLANG_ENABLE_OBJC_WEAK = YES;
				CLANG_WARN_BLOCK_CAPTURE_AUTORELEASING = YES;
				CLANG_WARN_BOOL_CONVERSION = YES;
				CLANG_WARN_COMMA = YES;
				CLANG_WARN_CONSTANT_CONVERSION = YES;
				CLANG_WARN_DEPRECATED_OBJC_IMPLEMENTATIONS = YES;
				CLANG_WARN_DIRECT_OBJC_ISA_USAGE = YES_ERROR;
				CLANG_WARN_DOCUMENTATION_COMMENTS = YES;
				CLANG_WARN_EMPTY_BODY = YES;
				CLANG_WARN_ENUM_CONVERSION = YES;
				CLANG_WARN_INFINITE_RECURSION = YES;
				CLANG_WARN_INT_CONVERSION = YES;
				CLANG_WARN_NON_LITERAL_NULL_CONVERSION = YES;
				CLANG_WARN_OBJC_IMPLICIT_RETAIN_SELF = YES;
				CLANG_WARN_OBJC_LITERAL_CONVERSION = YES;
				CLANG_WARN_OBJC_ROOT_CLASS = YES_ERROR;
				CLANG_WARN_RANGE_LOOP_ANALYSIS = YES;
				CLANG_WARN_STRICT_PROTOTYPES = YES;
				CLANG_WARN_SUSPICIOUS_MOVE = YES;
				CLANG_WARN_UNGUARDED_AVAILABILITY = YES_AGGRESSIVE;
				CLANG_WARN_UNREACHABLE_CODE = YES;
				CLANG_WARN__DUPLICATE_METHOD_MATCH = YES;
				CODE_SIGN_IDENTITY = "iPhone Developer";
				COPY_PHASE_STRIP = NO;
				DEBUG_INFORMATION_FORMAT = dwarf;
				ENABLE_STRICT_OBJC_MSGSEND = YES;
				ENABLE_TESTABILITY = YES;
				GCC_C_LANGUAGE_STANDARD = gnu11;
				GCC_DYNAMIC_NO_PIC = NO;
				GCC_NO_COMMON_BLOCKS = YES;
				GCC_OPTIMIZATION_LEVEL = 0;
				GCC_PREPROCESSOR_DEFINITIONS = (
					"DEBUG=1",
					"$(inherited)",
				);
				GCC_WARN_64_TO_32_BIT_CONVERSION = YES;
				GCC_WARN_ABOUT_RETURN_TYPE = YES_ERROR;
				GCC_WARN_UNDECLARED_SELECTOR = YES;
				GCC_WARN_UNINITIALIZED_AUTOS = YES_AGGRESSIVE;
				GCC_WARN_UNUSED_FUNCTION = YES;
				GCC_WARN_UNUSED_VARIABLE = YES;
				IPHONEOS_DEPLOYMENT_TARGET = 12.2;
				MTL_ENABLE_DEBUG_INFO = INCLUDE_SOURCE;
				MTL_FAST_MATH = YES;
				ONLY_ACTIVE_ARCH = YES;
				SDKROOT = iphoneos;
				SWIFT_ACTIVE_COMPILATION_CONDITIONS = DEBUG;
				SWIFT_OPTIMIZATION_LEVEL = "-Onone";
			};
			name = Debug;
		};
		B8B9E8CF2255399500B0C0FF /* Release */ = {
			isa = XCBuildConfiguration;
			buildSettings = {
				ALWAYS_SEARCH_USER_PATHS = NO;
				CLANG_ANALYZER_NONNULL = YES;
				CLANG_ANALYZER_NUMBER_OBJECT_CONVERSION = YES_AGGRESSIVE;
				CLANG_CXX_LANGUAGE_STANDARD = "gnu++14";
				CLANG_CXX_LIBRARY = "libc++";
				CLANG_ENABLE_MODULES = YES;
				CLANG_ENABLE_OBJC_ARC = YES;
				CLANG_ENABLE_OBJC_WEAK = YES;
				CLANG_WARN_BLOCK_CAPTURE_AUTORELEASING = YES;
				CLANG_WARN_BOOL_CONVERSION = YES;
				CLANG_WARN_COMMA = YES;
				CLANG_WARN_CONSTANT_CONVERSION = YES;
				CLANG_WARN_DEPRECATED_OBJC_IMPLEMENTATIONS = YES;
				CLANG_WARN_DIRECT_OBJC_ISA_USAGE = YES_ERROR;
				CLANG_WARN_DOCUMENTATION_COMMENTS = YES;
				CLANG_WARN_EMPTY_BODY = YES;
				CLANG_WARN_ENUM_CONVERSION = YES;
				CLANG_WARN_INFINITE_RECURSION = YES;
				CLANG_WARN_INT_CONVERSION = YES;
				CLANG_WARN_NON_LITERAL_NULL_CONVERSION = YES;
				CLANG_WARN_OBJC_IMPLICIT_RETAIN_SELF = YES;
				CLANG_WARN_OBJC_LITERAL_CONVERSION = YES;
				CLANG_WARN_OBJC_ROOT_CLASS = YES_ERROR;
				CLANG_WARN_RANGE_LOOP_ANALYSIS = YES;
				CLANG_WARN_STRICT_PROTOTYPES = YES;
				CLANG_WARN_SUSPICIOUS_MOVE = YES;
				CLANG_WARN_UNGUARDED_AVAILABILITY = YES_AGGRESSIVE;
				CLANG_WARN_UNREACHABLE_CODE = YES;
				CLANG_WARN__DUPLICATE_METHOD_MATCH = YES;
				CODE_SIGN_IDENTITY = "iPhone Developer";
				COPY_PHASE_STRIP = NO;
				DEBUG_INFORMATION_FORMAT = "dwarf-with-dsym";
				ENABLE_NS_ASSERTIONS = NO;
				ENABLE_STRICT_OBJC_MSGSEND = YES;
				GCC_C_LANGUAGE_STANDARD = gnu11;
				GCC_NO_COMMON_BLOCKS = YES;
				GCC_WARN_64_TO_32_BIT_CONVERSION = YES;
				GCC_WARN_ABOUT_RETURN_TYPE = YES_ERROR;
				GCC_WARN_UNDECLARED_SELECTOR = YES;
				GCC_WARN_UNINITIALIZED_AUTOS = YES_AGGRESSIVE;
				GCC_WARN_UNUSED_FUNCTION = YES;
				GCC_WARN_UNUSED_VARIABLE = YES;
				IPHONEOS_DEPLOYMENT_TARGET = 12.2;
				MTL_ENABLE_DEBUG_INFO = NO;
				MTL_FAST_MATH = YES;
				SDKROOT = iphoneos;
				SWIFT_COMPILATION_MODE = wholemodule;
				SWIFT_OPTIMIZATION_LEVEL = "-O";
				VALIDATE_PRODUCT = YES;
			};
			name = Release;
		};
		B8B9E8D12255399500B0C0FF /* Debug */ = {
			isa = XCBuildConfiguration;
			baseConfigurationReference = F28C978A352AB18E29520560 /* Pods-InstallingPods.debug.xcconfig */;
			buildSettings = {
				ASSETCATALOG_COMPILER_APPICON_NAME = AppIcon;
				CODE_SIGN_STYLE = Automatic;
				INFOPLIST_FILE = InstallingPods/Info.plist;
				LD_RUNPATH_SEARCH_PATHS = (
					"$(inherited)",
					"@executable_path/Frameworks",
				);
				PRODUCT_BUNDLE_IDENTIFIER = com.everis.InstallingPods;
				PRODUCT_NAME = "$(TARGET_NAME)";
				SWIFT_VERSION = 5.0;
				TARGETED_DEVICE_FAMILY = "1,2";
			};
			name = Debug;
		};
		B8B9E8D22255399500B0C0FF /* Release */ = {
			isa = XCBuildConfiguration;
			baseConfigurationReference = 301A1B6F7F6683ED5F931183 /* Pods-InstallingPods.release.xcconfig */;
			buildSettings = {
				ASSETCATALOG_COMPILER_APPICON_NAME = AppIcon;
				CODE_SIGN_STYLE = Automatic;
				INFOPLIST_FILE = InstallingPods/Info.plist;
				LD_RUNPATH_SEARCH_PATHS = (
					"$(inherited)",
					"@executable_path/Frameworks",
				);
				PRODUCT_BUNDLE_IDENTIFIER = com.everis.InstallingPods;
				PRODUCT_NAME = "$(TARGET_NAME)";
				SWIFT_VERSION = 5.0;
				TARGETED_DEVICE_FAMILY = "1,2";
			};
			name = Release;
		};
		B8B9E8D42255399500B0C0FF /* Debug */ = {
			isa = XCBuildConfiguration;
			baseConfigurationReference = 35BF36DD8BA2E65836728A99 /* Pods-InstallingPodsTests.debug.xcconfig */;
			buildSettings = {
				ALWAYS_EMBED_SWIFT_STANDARD_LIBRARIES = YES;
				BUNDLE_LOADER = "$(TEST_HOST)";
				CODE_SIGN_STYLE = Automatic;
				INFOPLIST_FILE = InstallingPodsTests/Info.plist;
				LD_RUNPATH_SEARCH_PATHS = (
					"$(inherited)",
					"@executable_path/Frameworks",
					"@loader_path/Frameworks",
				);
				PRODUCT_BUNDLE_IDENTIFIER = com.everis.InstallingPodsTests;
				PRODUCT_NAME = "$(TARGET_NAME)";
				SWIFT_VERSION = 5.0;
				TARGETED_DEVICE_FAMILY = "1,2";
				TEST_HOST = "$(BUILT_PRODUCTS_DIR)/InstallingPods.app/InstallingPods";
			};
			name = Debug;
		};
		B8B9E8D52255399500B0C0FF /* Release */ = {
			isa = XCBuildConfiguration;
			baseConfigurationReference = 1A26F7DA77E06BD677BAD37A /* Pods-InstallingPodsTests.release.xcconfig */;
			buildSettings = {
				ALWAYS_EMBED_SWIFT_STANDARD_LIBRARIES = YES;
				BUNDLE_LOADER = "$(TEST_HOST)";
				CODE_SIGN_STYLE = Automatic;
				INFOPLIST_FILE = InstallingPodsTests/Info.plist;
				LD_RUNPATH_SEARCH_PATHS = (
					"$(inherited)",
					"@executable_path/Frameworks",
					"@loader_path/Frameworks",
				);
				PRODUCT_BUNDLE_IDENTIFIER = com.everis.InstallingPodsTests;
				PRODUCT_NAME = "$(TARGET_NAME)";
				SWIFT_VERSION = 5.0;
				TARGETED_DEVICE_FAMILY = "1,2";
				TEST_HOST = "$(BUILT_PRODUCTS_DIR)/InstallingPods.app/InstallingPods";
			};
			name = Release;
		};
		B8B9E8D72255399500B0C0FF /* Debug */ = {
			isa = XCBuildConfiguration;
			baseConfigurationReference = DF2EB18774D6A272CFBC739B /* Pods-InstallingPodsUITests.debug.xcconfig */;
			buildSettings = {
				ALWAYS_EMBED_SWIFT_STANDARD_LIBRARIES = YES;
				CODE_SIGN_STYLE = Automatic;
				INFOPLIST_FILE = InstallingPodsUITests/Info.plist;
				LD_RUNPATH_SEARCH_PATHS = (
					"$(inherited)",
					"@executable_path/Frameworks",
					"@loader_path/Frameworks",
				);
				PRODUCT_BUNDLE_IDENTIFIER = com.everis.InstallingPodsUITests;
				PRODUCT_NAME = "$(TARGET_NAME)";
				SWIFT_VERSION = 5.0;
				TARGETED_DEVICE_FAMILY = "1,2";
				TEST_TARGET_NAME = InstallingPods;
			};
			name = Debug;
		};
		B8B9E8D82255399500B0C0FF /* Release */ = {
			isa = XCBuildConfiguration;
			baseConfigurationReference = 70D47DAF3430CCA84EF1DE80 /* Pods-InstallingPodsUITests.release.xcconfig */;
			buildSettings = {
				ALWAYS_EMBED_SWIFT_STANDARD_LIBRARIES = YES;
				CODE_SIGN_STYLE = Automatic;
				INFOPLIST_FILE = InstallingPodsUITests/Info.plist;
				LD_RUNPATH_SEARCH_PATHS = (
					"$(inherited)",
					"@executable_path/Frameworks",
					"@loader_path/Frameworks",
				);
				PRODUCT_BUNDLE_IDENTIFIER = com.everis.InstallingPodsUITests;
				PRODUCT_NAME = "$(TARGET_NAME)";
				SWIFT_VERSION = 5.0;
				TARGETED_DEVICE_FAMILY = "1,2";
				TEST_TARGET_NAME = InstallingPods;
			};
			name = Release;
		};
/* End XCBuildConfiguration section */

/* Begin XCConfigurationList section */
		B8B9E8A32255399300B0C0FF /* Build configuration list for PBXProject "InstallingPods" */ = {
			isa = XCConfigurationList;
			buildConfigurations = (
				B8B9E8CE2255399500B0C0FF /* Debug */,
				B8B9E8CF2255399500B0C0FF /* Release */,
			);
			defaultConfigurationIsVisible = 0;
			defaultConfigurationName = Release;
		};
		B8B9E8D02255399500B0C0FF /* Build configuration list for PBXNativeTarget "InstallingPods" */ = {
			isa = XCConfigurationList;
			buildConfigurations = (
				B8B9E8D12255399500B0C0FF /* Debug */,
				B8B9E8D22255399500B0C0FF /* Release */,
			);
			defaultConfigurationIsVisible = 0;
			defaultConfigurationName = Release;
		};
		B8B9E8D32255399500B0C0FF /* Build configuration list for PBXNativeTarget "InstallingPodsTests" */ = {
			isa = XCConfigurationList;
			buildConfigurations = (
				B8B9E8D42255399500B0C0FF /* Debug */,
				B8B9E8D52255399500B0C0FF /* Release */,
			);
			defaultConfigurationIsVisible = 0;
			defaultConfigurationName = Release;
		};
		B8B9E8D62255399500B0C0FF /* Build configuration list for PBXNativeTarget "InstallingPodsUITests" */ = {
			isa = XCConfigurationList;
			buildConfigurations = (
				B8B9E8D72255399500B0C0FF /* Debug */,
				B8B9E8D82255399500B0C0FF /* Release */,
			);
			defaultConfigurationIsVisible = 0;
			defaultConfigurationName = Release;
		};
/* End XCConfigurationList section */
	};
	rootObject = B8B9E8A02255399300B0C0FF /* Project object */;
}
